
Microsoft Visual Studio Solution File, Format Version 12.00
# Visual Studio Version 17
VisualStudioVersion = 17.7.34018.315
MinimumVisualStudioVersion = 10.0.40219.1
Project("{9A19103F-16F7-4668-BE54-9A1E7A4F7556}") = "BaseProject", "BaseProject\BaseProject.csproj", "{EC17D41A-FA7B-41E9-AE43-254174EF63BE}"
EndProject
Project("{9A19103F-16F7-4668-BE54-9A1E7A4F7556}") = "WebApp.Strategy", "WebApp.Strategy\WebApp.Strategy.csproj", "{D157E3A8-6187-4F4F-9AA4-05038BCD9DBB}"
EndProject
Project("{9A19103F-16F7-4668-BE54-9A1E7A4F7556}") = "WebApp.Template", "WebApp.Template\WebApp.Template.csproj", "{FB282716-7757-470C-9260-41A93E779E62}"
EndProject
Project("{9A19103F-16F7-4668-BE54-9A1E7A4F7556}") = "WebApp.Command", "WebApp.Command\WebApp.Command.csproj", "{6493575A-222A-4E41-8077-D41F9B39D99A}"
EndProject
Project("{9A19103F-16F7-4668-BE54-9A1E7A4F7556}") = "WebApp.Observer", "WebApp.Observer\WebApp.Observer.csproj", "{0B4EACD5-AF35-4B47-A0D3-2C80FF3AE8E6}"
EndProject
Project("{9A19103F-16F7-4668-BE54-9A1E7A4F7556}") = "WebApp.ChainOfResponsibility", "WebApp.ChainOfResponsibility\WebApp.ChainOfResponsibility.csproj", "{E03D9E0B-385C-4E87-B6C8-779A10AD0D67}"
EndProject
Project("{9A19103F-16F7-4668-BE54-9A1E7A4F7556}") = "WebApp.Composite", "WebApp.Composite\WebApp.Composite.csproj", "{8E4A2B72-0976-4A5E-8412-CCFEB66B29D8}"
EndProject
Global
	GlobalSection(SolutionConfigurationPlatforms) = preSolution
		Debug|Any CPU = Debug|Any CPU
		Release|Any CPU = Release|Any CPU
	EndGlobalSection
	GlobalSection(ProjectConfigurationPlatforms) = postSolution
		{EC17D41A-FA7B-41E9-AE43-254174EF63BE}.Debug|Any CPU.ActiveCfg = Debug|Any CPU
		{EC17D41A-FA7B-41E9-AE43-254174EF63BE}.Debug|Any CPU.Build.0 = Debug|Any CPU
		{EC17D41A-FA7B-41E9-AE43-254174EF63BE}.Release|Any CPU.ActiveCfg = Release|Any CPU
		{EC17D41A-FA7B-41E9-AE43-254174EF63BE}.Release|Any CPU.Build.0 = Release|Any CPU
		{D157E3A8-6187-4F4F-9AA4-05038BCD9DBB}.Debug|Any CPU.ActiveCfg = Debug|Any CPU
		{D157E3A8-6187-4F4F-9AA4-05038BCD9DBB}.Debug|Any CPU.Build.0 = Debug|Any CPU
		{D157E3A8-6187-4F4F-9AA4-05038BCD9DBB}.Release|Any CPU.ActiveCfg = Release|Any CPU
		{D157E3A8-6187-4F4F-9AA4-05038BCD9DBB}.Release|Any CPU.Build.0 = Release|Any CPU
		{FB282716-7757-470C-9260-41A93E779E62}.Debug|Any CPU.ActiveCfg = Debug|Any CPU
		{FB282716-7757-470C-9260-41A93E779E62}.Debug|Any CPU.Build.0 = Debug|Any CPU
		{FB282716-7757-470C-9260-41A93E779E62}.Release|Any CPU.ActiveCfg = Release|Any CPU
		{FB282716-7757-470C-9260-41A93E779E62}.Release|Any CPU.Build.0 = Release|Any CPU
		{6493575A-222A-4E41-8077-D41F9B39D99A}.Debug|Any CPU.ActiveCfg = Debug|Any CPU
		{6493575A-222A-4E41-8077-D41F9B39D99A}.Debug|Any CPU.Build.0 = Debug|Any CPU
		{6493575A-222A-4E41-8077-D41F9B39D99A}.Release|Any CPU.ActiveCfg = Release|Any CPU
		{6493575A-222A-4E41-8077-D41F9B39D99A}.Release|Any CPU.Build.0 = Release|Any CPU
		{0B4EACD5-AF35-4B47-A0D3-2C80FF3AE8E6}.Debug|Any CPU.ActiveCfg = Debug|Any CPU
		{0B4EACD5-AF35-4B47-A0D3-2C80FF3AE8E6}.Debug|Any CPU.Build.0 = Debug|Any CPU
		{0B4EACD5-AF35-4B47-A0D3-2C80FF3AE8E6}.Release|Any CPU.ActiveCfg = Release|Any CPU
		{0B4EACD5-AF35-4B47-A0D3-2C80FF3AE8E6}.Release|Any CPU.Build.0 = Release|Any CPU
		{E03D9E0B-385C-4E87-B6C8-779A10AD0D67}.Debug|Any CPU.ActiveCfg = Debug|Any CPU
		{E03D9E0B-385C-4E87-B6C8-779A10AD0D67}.Debug|Any CPU.Build.0 = Debug|Any CPU
		{E03D9E0B-385C-4E87-B6C8-779A10AD0D67}.Release|Any CPU.ActiveCfg = Release|Any CPU
		{E03D9E0B-385C-4E87-B6C8-779A10AD0D67}.Release|Any CPU.Build.0 = Release|Any CPU
		{8E4A2B72-0976-4A5E-8412-CCFEB66B29D8}.Debug|Any CPU.ActiveCfg = Debug|Any CPU
		{8E4A2B72-0976-4A5E-8412-CCFEB66B29D8}.Debug|Any CPU.Build.0 = Debug|Any CPU
		{8E4A2B72-0976-4A5E-8412-CCFEB66B29D8}.Release|Any CPU.ActiveCfg = Release|Any CPU
		{8E4A2B72-0976-4A5E-8412-CCFEB66B29D8}.Release|Any CPU.Build.0 = Release|Any CPU
	EndGlobalSection
	GlobalSection(SolutionProperties) = preSolution
		HideSolutionNode = FALSE
	EndGlobalSection
	GlobalSection(ExtensibilityGlobals) = postSolution
		SolutionGuid = {E9404A75-692F-4990-BD30-4A753DEA725D}
	EndGlobalSection
EndGlobal
